
Microsoft Visual Studio Solution File, Format Version 11.00
# Visual Studio 2010
Project("{8BC9CEB8-8B4A-11D0-8D11-00A0C91BC942}") = "dokan", "dokan\dokan.vcxproj", "{26D56C43-F35D-4683-B685-0C29CEBFEB24}"
EndProject
Project("{8BC9CEB8-8B4A-11D0-8D11-00A0C91BC942}") = "dokan_control", "dokan_control\dokan_control.vcxproj", "{18CAAB41-9851-40D2-99F6-AC82FA79C46B}"
EndProject
Project("{8BC9CEB8-8B4A-11D0-8D11-00A0C91BC942}") = "dokan_mount", "dokan_mount\dokan_mount.vcxproj", "{B9D6348D-E662-4C57-B0CD-FE2371BDA70A}"
EndProject
Project("{8BC9CEB8-8B4A-11D0-8D11-00A0C91BC942}") = "sys", "sys\sys.vcxproj", "{4522413D-9C2C-459F-9328-E95025AFA95E}"
EndProject
Global
	GlobalSection(SolutionConfigurationPlatforms) = preSolution
		Debug|Win32 = Debug|Win32
		Debug|x64 = Debug|x64
		Release|Win32 = Release|Win32
		Release|x64 = Release|x64
	EndGlobalSection
	GlobalSection(ProjectConfigurationPlatforms) = postSolution
		{26D56C43-F35D-4683-B685-0C29CEBFEB24}.Debug|Win32.ActiveCfg = Debug|Win32
		{26D56C43-F35D-4683-B685-0C29CEBFEB24}.Debug|Win32.Build.0 = Debug|Win32
		{26D56C43-F35D-4683-B685-0C29CEBFEB24}.Debug|x64.ActiveCfg = Debug|x64
		{26D56C43-F35D-4683-B685-0C29CEBFEB24}.Debug|x64.Build.0 = Debug|x64
		{26D56C43-F35D-4683-B685-0C29CEBFEB24}.Release|Win32.ActiveCfg = Release|Win32
		{26D56C43-F35D-4683-B685-0C29CEBFEB24}.Release|Win32.Build.0 = Release|Win32
		{26D56C43-F35D-4683-B685-0C29CEBFEB24}.Release|x64.ActiveCfg = Release|x64
		{26D56C43-F35D-4683-B685-0C29CEBFEB24}.Release|x64.Build.0 = Release|x64
		{18CAAB41-9851-40D2-99F6-AC82FA79C46B}.Debug|Win32.ActiveCfg = Debug|Win32
		{18CAAB41-9851-40D2-99F6-AC82FA79C46B}.Debug|Win32.Build.0 = Debug|Win32
		{18CAAB41-9851-40D2-99F6-AC82FA79C46B}.Debug|x64.ActiveCfg = Debug|x64
		{18CAAB41-9851-40D2-99F6-AC82FA79C46B}.Debug|x64.Build.0 = Debug|x64
		{18CAAB41-9851-40D2-99F6-AC82FA79C46B}.Release|Win32.ActiveCfg = Release|Win32
		{18CAAB41-9851-40D2-99F6-AC82FA79C46B}.Release|Win32.Build.0 = Release|Win32
		{18CAAB41-9851-40D2-99F6-AC82FA79C46B}.Release|x64.ActiveCfg = Release|x64
		{18CAAB41-9851-40D2-99F6-AC82FA79C46B}.Release|x64.Build.0 = Release|x64
		{B9D6348D-E662-4C57-B0CD-FE2371BDA70A}.Debug|Win32.ActiveCfg = Debug|Win32
		{B9D6348D-E662-4C57-B0CD-FE2371BDA70A}.Debug|Win32.Build.0 = Debug|Win32
		{B9D6348D-E662-4C57-B0CD-FE2371BDA70A}.Debug|x64.ActiveCfg = Debug|x64
		{B9D6348D-E662-4C57-B0CD-FE2371BDA70A}.Debug|x64.Build.0 = Debug|x64
		{B9D6348D-E662-4C57-B0CD-FE2371BDA70A}.Release|Win32.ActiveCfg = Release|Win32
		{B9D6348D-E662-4C57-B0CD-FE2371BDA70A}.Release|Win32.Build.0 = Release|Win32
		{B9D6348D-E662-4C57-B0CD-FE2371BDA70A}.Release|x64.ActiveCfg = Release|x64
		{B9D6348D-E662-4C57-B0CD-FE2371BDA70A}.Release|x64.Build.0 = Release|x64
		{4522413D-9C2C-459F-9328-E95025AFA95E}.Debug|Win32.ActiveCfg = Debug|Win32
		{4522413D-9C2C-459F-9328-E95025AFA95E}.Debug|Win32.Build.0 = Debug|Win32
		{4522413D-9C2C-459F-9328-E95025AFA95E}.Debug|x64.ActiveCfg = Debug|x64
		{4522413D-9C2C-459F-9328-E95025AFA95E}.Debug|x64.Build.0 = Debug|x64
		{4522413D-9C2C-459F-9328-E95025AFA95E}.Release|Win32.ActiveCfg = Release|Win32
		{4522413D-9C2C-459F-9328-E95025AFA95E}.Release|Win32.Build.0 = Release|Win32
		{4522413D-9C2C-459F-9328-E95025AFA95E}.Release|x64.ActiveCfg = Release|x64
		{4522413D-9C2C-459F-9328-E95025AFA95E}.Release|x64.Build.0 = Release|x64
	EndGlobalSection
	GlobalSection(SolutionProperties) = preSolution
		HideSolutionNode = FALSE
	EndGlobalSection
EndGlobal
